{
    "name": "helloworld",
    "version": "1.0.0",
    "lockfileVersion": 1,
    "requires": true,
    "dependencies": {
        "@mapbox/corslite": {
            "version": "0.0.7",
            "resolved": "https://registry.npmjs.org/@mapbox/corslite/-/corslite-0.0.7.tgz",
            "integrity": "sha1-KfW2oYi6lG5RS98LZAHtT74To54="
        },
        "@mapbox/polyline": {
            "version": "0.2.0",
            "resolved": "https://registry.npmjs.org/@mapbox/polyline/-/polyline-0.2.0.tgz",
            "integrity": "sha1-biWYB0SqIjMflLZFpULALT/P7pc="
        },
        "android-versions": {
            "version": "1.2.1",
            "resolved": "https://registry.npmjs.org/android-versions/-/android-versions-1.2.1.tgz",
            "integrity": "sha512-k6zlrtWbJ3tx1ZsyyJ0Bo3r6cqPA3JUnFGv7pnIaLr1XVxSi2Tcem2lg3kBebFp27v/A40tZqdlouPyakpyKrw=="
        },
        "asap": {
            "version": "2.0.6",
            "resolved": "https://registry.npmjs.org/asap/-/asap-2.0.6.tgz",
            "integrity": "sha1-5QNHYR1+aQlDIIu9r+vLwvuGbUY="
        },
        "babel-runtime": {
            "version": "6.26.0",
            "resolved": "https://registry.npmjs.org/babel-runtime/-/babel-runtime-6.26.0.tgz",
            "integrity": "sha1-llxwWGaOgrVde/4E/yM3vItWR/4=",
            "requires": {
                "core-js": "2.5.1",
                "regenerator-runtime": "0.11.1"
            }
        },
        "bowser": {
            "version": "1.8.1",
            "resolved": "https://registry.npmjs.org/bowser/-/bowser-1.8.1.tgz",
            "integrity": "sha512-NMPaR8ILtdLSWzxQtEs16XbxMcY8ohWGQ5V+TZSJS3fNUt/PBAGkF6YWO9B/4qWE23bK3o0moQKq8UyFEosYkA=="
        },
        "chain-function": {
            "version": "1.0.0",
            "resolved": "https://registry.npmjs.org/chain-function/-/chain-function-1.0.0.tgz",
            "integrity": "sha1-DUqzfn4Y6tC9xHuSB2QRjOWHM9w="
        },
        "change-emitter": {
            "version": "0.1.6",
            "resolved": "https://registry.npmjs.org/change-emitter/-/change-emitter-0.1.6.tgz",
            "integrity": "sha1-6LL+PX8at9aaMhma/5HqaTFAlRU="
        },
        "cordova-android": {
            "version": "6.4.0",
            "resolved": "https://registry.npmjs.org/cordova-android/-/cordova-android-6.4.0.tgz",
            "integrity": "sha1-VK6NpXKKjX5e/MYXLT3MoXvH/n0=",
            "requires": {
                "android-versions": "1.2.1",
                "cordova-common": "2.1.0",
                "elementtree": "0.1.6",
                "nopt": "3.0.6",
                "properties-parser": "0.2.3",
                "q": "1.5.0",
                "shelljs": "0.5.3"
            },
            "dependencies": {
                "abbrev": {
                    "version": "1.1.0",
                    "bundled": true
                },
                "android-versions": {
                    "version": "1.2.1",
                    "bundled": true
                },
                "ansi": {
                    "version": "0.3.1",
                    "bundled": true
                },
                "balanced-match": {
                    "version": "1.0.0",
                    "bundled": true
                },
                "base64-js": {
                    "version": "0.0.8",
                    "bundled": true
                },
                "big-integer": {
                    "version": "1.6.25",
                    "bundled": true
                },
                "bplist-parser": {
                    "version": "0.1.1",
                    "bundled": true,
                    "requires": {
                        "big-integer": "1.6.25"
                    }
                },
                "brace-expansion": {
                    "version": "1.1.8",
                    "bundled": true,
                    "requires": {
                        "balanced-match": "1.0.0",
                        "concat-map": "0.0.1"
                    }
                },
                "concat-map": {
                    "version": "0.0.1",
                    "bundled": true
                },
                "cordova-common": {
                    "version": "2.1.0",
                    "bundled": true,
                    "requires": {
                        "ansi": "0.3.1",
                        "bplist-parser": "0.1.1",
                        "cordova-registry-mapper": "1.1.15",
                        "elementtree": "0.1.6",
                        "glob": "5.0.15",
                        "minimatch": "3.0.4",
                        "osenv": "0.1.4",
                        "plist": "1.2.0",
                        "q": "1.5.0",
                        "semver": "5.4.1",
                        "shelljs": "0.5.3",
                        "underscore": "1.8.3",
                        "unorm": "1.4.1"
                    }
                },
                "cordova-registry-mapper": {
                    "version": "1.1.15",
                    "bundled": true
                },
                "elementtree": {
                    "version": "0.1.6",
                    "bundled": true,
                    "requires": {
                        "sax": "0.3.5"
                    }
                },
                "glob": {
                    "version": "5.0.15",
                    "bundled": true,
                    "requires": {
                        "inflight": "1.0.6",
                        "inherits": "2.0.3",
                        "minimatch": "3.0.4",
                        "once": "1.4.0",
                        "path-is-absolute": "1.0.1"
                    }
                },
                "inflight": {
                    "version": "1.0.6",
                    "bundled": true,
                    "requires": {
                        "once": "1.4.0",
                        "wrappy": "1.0.2"
                    }
                },
                "inherits": {
                    "version": "2.0.3",
                    "bundled": true
                },
                "lodash": {
                    "version": "3.10.1",
                    "bundled": true
                },
                "minimatch": {
                    "version": "3.0.4",
                    "bundled": true,
                    "requires": {
                        "brace-expansion": "1.1.8"
                    }
                },
                "nopt": {
                    "version": "3.0.6",
                    "bundled": true,
                    "requires": {
                        "abbrev": "1.1.0"
                    }
                },
                "once": {
                    "version": "1.4.0",
                    "bundled": true,
                    "requires": {
                        "wrappy": "1.0.2"
                    }
                },
                "os-homedir": {
                    "version": "1.0.2",
                    "bundled": true
                },
                "os-tmpdir": {
                    "version": "1.0.2",
                    "bundled": true
                },
                "osenv": {
                    "version": "0.1.4",
                    "bundled": true,
                    "requires": {
                        "os-homedir": "1.0.2",
                        "os-tmpdir": "1.0.2"
                    }
                },
                "path-is-absolute": {
                    "version": "1.0.1",
                    "bundled": true
                },
                "plist": {
                    "version": "1.2.0",
                    "bundled": true,
                    "requires": {
                        "base64-js": "0.0.8",
                        "util-deprecate": "1.0.2",
                        "xmlbuilder": "4.0.0",
                        "xmldom": "0.1.27"
                    }
                },
                "properties-parser": {
                    "version": "0.2.3",
                    "bundled": true
                },
                "q": {
                    "version": "1.5.0",
                    "bundled": true
                },
                "sax": {
                    "version": "0.3.5",
                    "bundled": true
                },
                "semver": {
                    "version": "5.4.1",
                    "bundled": true
                },
                "shelljs": {
                    "version": "0.5.3",
                    "bundled": true
                },
                "underscore": {
                    "version": "1.8.3",
                    "bundled": true
                },
                "unorm": {
                    "version": "1.4.1",
                    "bundled": true
                },
                "util-deprecate": {
                    "version": "1.0.2",
                    "bundled": true
                },
                "wrappy": {
                    "version": "1.0.2",
                    "bundled": true
                },
                "xmlbuilder": {
                    "version": "4.0.0",
                    "bundled": true,
                    "requires": {
                        "lodash": "3.10.1"
                    }
                },
                "xmldom": {
                    "version": "0.1.27",
                    "bundled": true
                }
            }
        },
        "cordova-browser": {
            "version": "5.0.1",
            "resolved": "https://registry.npmjs.org/cordova-browser/-/cordova-browser-5.0.1.tgz",
            "integrity": "sha1-VS+spjOSRQBLvgrO99XjlZlHwSc=",
            "requires": {
                "cordova-common": "2.1.1",
                "cordova-serve": "2.0.0",
                "nopt": "3.0.6",
                "shelljs": "0.5.3"
            },
            "dependencies": {
                "abbrev": {
                    "version": "1.1.1",
                    "bundled": true
                },
                "accepts": {
                    "version": "1.3.4",
                    "bundled": true,
                    "requires": {
                        "mime-types": "2.1.17",
                        "negotiator": "0.6.1"
                    }
                },
                "ansi": {
                    "version": "0.3.1",
                    "bundled": true
                },
                "ansi-regex": {
                    "version": "2.1.1",
                    "bundled": true
                },
                "ansi-styles": {
                    "version": "2.2.1",
                    "bundled": true
                },
                "array-flatten": {
                    "version": "1.1.1",
                    "bundled": true
                },
                "balanced-match": {
                    "version": "1.0.0",
                    "bundled": true
                },
                "base64-js": {
                    "version": "0.0.8",
                    "bundled": true
                },
                "big-integer": {
                    "version": "1.6.25",
                    "bundled": true
                },
                "body-parser": {
                    "version": "1.18.2",
                    "bundled": true,
                    "requires": {
                        "bytes": "3.0.0",
                        "content-type": "1.0.4",
                        "debug": "2.6.9",
                        "depd": "1.1.1",
                        "http-errors": "1.6.2",
                        "iconv-lite": "0.4.19",
                        "on-finished": "2.3.0",
                        "qs": "6.5.1",
                        "raw-body": "2.3.2",
                        "type-is": "1.6.15"
                    }
                },
                "bplist-parser": {
                    "version": "0.1.1",
                    "bundled": true,
                    "requires": {
                        "big-integer": "1.6.25"
                    }
                },
                "brace-expansion": {
                    "version": "1.1.8",
                    "bundled": true,
                    "requires": {
                        "balanced-match": "1.0.0",
                        "concat-map": "0.0.1"
                    }
                },
                "bytes": {
                    "version": "3.0.0",
                    "bundled": true
                },
                "chalk": {
                    "version": "1.1.3",
                    "bundled": true,
                    "requires": {
                        "ansi-styles": "2.2.1",
                        "escape-string-regexp": "1.0.5",
                        "has-ansi": "2.0.0",
                        "strip-ansi": "3.0.1",
                        "supports-color": "2.0.0"
                    }
                },
                "compressible": {
                    "version": "2.0.11",
                    "bundled": true,
                    "requires": {
                        "mime-db": "1.30.0"
                    }
                },
                "compression": {
                    "version": "1.7.1",
                    "bundled": true,
                    "requires": {
                        "accepts": "1.3.4",
                        "bytes": "3.0.0",
                        "compressible": "2.0.11",
                        "debug": "2.6.9",
                        "on-headers": "1.0.1",
                        "safe-buffer": "5.1.1",
                        "vary": "1.1.2"
                    }
                },
                "concat-map": {
                    "version": "0.0.1",
                    "bundled": true
                },
                "content-disposition": {
                    "version": "0.5.2",
                    "bundled": true
                },
                "content-type": {
                    "version": "1.0.4",
                    "bundled": true
                },
                "cookie": {
                    "version": "0.3.1",
                    "bundled": true
                },
                "cookie-signature": {
                    "version": "1.0.6",
                    "bundled": true
                },
                "cordova-common": {
                    "version": "2.1.1",
                    "bundled": true,
                    "requires": {
                        "ansi": "0.3.1",
                        "bplist-parser": "0.1.1",
                        "cordova-registry-mapper": "1.1.15",
                        "elementtree": "0.1.6",
                        "glob": "5.0.15",
                        "minimatch": "3.0.4",
                        "osenv": "0.1.4",
                        "plist": "1.2.0",
                        "q": "1.5.0",
                        "semver": "5.4.1",
                        "shelljs": "0.5.3",
                        "underscore": "1.8.3",
                        "unorm": "1.4.1"
                    }
                },
                "cordova-registry-mapper": {
                    "version": "1.1.15",
                    "bundled": true
                },
                "cordova-serve": {
                    "version": "2.0.0",
                    "bundled": true,
                    "requires": {
                        "chalk": "1.1.3",
                        "compression": "1.7.1",
                        "express": "4.16.2",
                        "open": "0.0.5",
                        "shelljs": "0.5.3"
                    }
                },
                "debug": {
                    "version": "2.6.9",
                    "bundled": true,
                    "requires": {
                        "ms": "2.0.0"
                    }
                },
                "depd": {
                    "version": "1.1.1",
                    "bundled": true
                },
                "destroy": {
                    "version": "1.0.4",
                    "bundled": true
                },
                "ee-first": {
                    "version": "1.1.1",
                    "bundled": true
                },
                "elementtree": {
                    "version": "0.1.6",
                    "bundled": true,
                    "requires": {
                        "sax": "0.3.5"
                    }
                },
                "encodeurl": {
                    "version": "1.0.1",
                    "bundled": true
                },
                "escape-html": {
                    "version": "1.0.3",
                    "bundled": true
                },
                "escape-string-regexp": {
                    "version": "1.0.5",
                    "bundled": true
                },
                "etag": {
                    "version": "1.8.1",
                    "bundled": true
                },
                "express": {
                    "version": "4.16.2",
                    "bundled": true,
                    "requires": {
                        "accepts": "1.3.4",
                        "array-flatten": "1.1.1",
                        "body-parser": "1.18.2",
                        "content-disposition": "0.5.2",
                        "content-type": "1.0.4",
                        "cookie": "0.3.1",
                        "cookie-signature": "1.0.6",
                        "debug": "2.6.9",
                        "depd": "1.1.1",
                        "encodeurl": "1.0.1",
                        "escape-html": "1.0.3",
                        "etag": "1.8.1",
                        "finalhandler": "1.1.0",
                        "fresh": "0.5.2",
                        "merge-descriptors": "1.0.1",
                        "methods": "1.1.2",
                        "on-finished": "2.3.0",
                        "parseurl": "1.3.2",
                        "path-to-regexp": "0.1.7",
                        "proxy-addr": "2.0.2",
                        "qs": "6.5.1",
                        "range-parser": "1.2.0",
                        "safe-buffer": "5.1.1",
                        "send": "0.16.1",
                        "serve-static": "1.13.1",
                        "setprototypeof": "1.1.0",
                        "statuses": "1.3.1",
                        "type-is": "1.6.15",
                        "utils-merge": "1.0.1",
                        "vary": "1.1.2"
                    }
                },
                "finalhandler": {
                    "version": "1.1.0",
                    "bundled": true,
                    "requires": {
                        "debug": "2.6.9",
                        "encodeurl": "1.0.1",
                        "escape-html": "1.0.3",
                        "on-finished": "2.3.0",
                        "parseurl": "1.3.2",
                        "statuses": "1.3.1",
                        "unpipe": "1.0.0"
                    }
                },
                "forwarded": {
                    "version": "0.1.2",
                    "bundled": true
                },
                "fresh": {
                    "version": "0.5.2",
                    "bundled": true
                },
                "glob": {
                    "version": "5.0.15",
                    "bundled": true,
                    "requires": {
                        "inflight": "1.0.6",
                        "inherits": "2.0.3",
                        "minimatch": "3.0.4",
                        "once": "1.4.0",
                        "path-is-absolute": "1.0.1"
                    }
                },
                "has-ansi": {
                    "version": "2.0.0",
                    "bundled": true,
                    "requires": {
                        "ansi-regex": "2.1.1"
                    }
                },
                "http-errors": {
                    "version": "1.6.2",
                    "bundled": true,
                    "requires": {
                        "depd": "1.1.1",
                        "inherits": "2.0.3",
                        "setprototypeof": "1.0.3",
                        "statuses": "1.3.1"
                    },
                    "dependencies": {
                        "setprototypeof": {
                            "version": "1.0.3",
                            "bundled": true
                        }
                    }
                },
                "iconv-lite": {
                    "version": "0.4.19",
                    "bundled": true
                },
                "inflight": {
                    "version": "1.0.6",
                    "bundled": true,
                    "requires": {
                        "once": "1.4.0",
                        "wrappy": "1.0.2"
                    }
                },
                "inherits": {
                    "version": "2.0.3",
                    "bundled": true
                },
                "ipaddr.js": {
                    "version": "1.5.2",
                    "bundled": true
                },
                "lodash": {
                    "version": "3.10.1",
                    "bundled": true
                },
                "media-typer": {
                    "version": "0.3.0",
                    "bundled": true
                },
                "merge-descriptors": {
                    "version": "1.0.1",
                    "bundled": true
                },
                "methods": {
                    "version": "1.1.2",
                    "bundled": true
                },
                "mime": {
                    "version": "1.4.1",
                    "bundled": true
                },
                "mime-db": {
                    "version": "1.30.0",
                    "bundled": true
                },
                "mime-types": {
                    "version": "2.1.17",
                    "bundled": true,
                    "requires": {
                        "mime-db": "1.30.0"
                    }
                },
                "minimatch": {
                    "version": "3.0.4",
                    "bundled": true,
                    "requires": {
                        "brace-expansion": "1.1.8"
                    }
                },
                "ms": {
                    "version": "2.0.0",
                    "bundled": true
                },
                "negotiator": {
                    "version": "0.6.1",
                    "bundled": true
                },
                "nopt": {
                    "version": "3.0.6",
                    "bundled": true,
                    "requires": {
                        "abbrev": "1.1.1"
                    }
                },
                "on-finished": {
                    "version": "2.3.0",
                    "bundled": true,
                    "requires": {
                        "ee-first": "1.1.1"
                    }
                },
                "on-headers": {
                    "version": "1.0.1",
                    "bundled": true
                },
                "once": {
                    "version": "1.4.0",
                    "bundled": true,
                    "requires": {
                        "wrappy": "1.0.2"
                    }
                },
                "open": {
                    "version": "0.0.5",
                    "bundled": true
                },
                "os-homedir": {
                    "version": "1.0.2",
                    "bundled": true
                },
                "os-tmpdir": {
                    "version": "1.0.2",
                    "bundled": true
                },
                "osenv": {
                    "version": "0.1.4",
                    "bundled": true,
                    "requires": {
                        "os-homedir": "1.0.2",
                        "os-tmpdir": "1.0.2"
                    }
                },
                "parseurl": {
                    "version": "1.3.2",
                    "bundled": true
                },
                "path-is-absolute": {
                    "version": "1.0.1",
                    "bundled": true
                },
                "path-to-regexp": {
                    "version": "0.1.7",
                    "bundled": true
                },
                "plist": {
                    "version": "1.2.0",
                    "bundled": true,
                    "requires": {
                        "base64-js": "0.0.8",
                        "util-deprecate": "1.0.2",
                        "xmlbuilder": "4.0.0",
                        "xmldom": "0.1.27"
                    }
                },
                "proxy-addr": {
                    "version": "2.0.2",
                    "bundled": true,
                    "requires": {
                        "forwarded": "0.1.2",
                        "ipaddr.js": "1.5.2"
                    }
                },
                "q": {
                    "version": "1.5.0",
                    "bundled": true
                },
                "qs": {
                    "version": "6.5.1",
                    "bundled": true
                },
                "range-parser": {
                    "version": "1.2.0",
                    "bundled": true
                },
                "raw-body": {
                    "version": "2.3.2",
                    "bundled": true,
                    "requires": {
                        "bytes": "3.0.0",
                        "http-errors": "1.6.2",
                        "iconv-lite": "0.4.19",
                        "unpipe": "1.0.0"
                    }
                },
                "safe-buffer": {
                    "version": "5.1.1",
                    "bundled": true
                },
                "sax": {
                    "version": "0.3.5",
                    "bundled": true
                },
                "semver": {
                    "version": "5.4.1",
                    "bundled": true
                },
                "send": {
                    "version": "0.16.1",
                    "bundled": true,
                    "requires": {
                        "debug": "2.6.9",
                        "depd": "1.1.1",
                        "destroy": "1.0.4",
                        "encodeurl": "1.0.1",
                        "escape-html": "1.0.3",
                        "etag": "1.8.1",
                        "fresh": "0.5.2",
                        "http-errors": "1.6.2",
                        "mime": "1.4.1",
                        "ms": "2.0.0",
                        "on-finished": "2.3.0",
                        "range-parser": "1.2.0",
                        "statuses": "1.3.1"
                    }
                },
                "serve-static": {
                    "version": "1.13.1",
                    "bundled": true,
                    "requires": {
                        "encodeurl": "1.0.1",
                        "escape-html": "1.0.3",
                        "parseurl": "1.3.2",
                        "send": "0.16.1"
                    }
                },
                "setprototypeof": {
                    "version": "1.1.0",
                    "bundled": true
                },
                "shelljs": {
                    "version": "0.5.3",
                    "bundled": true
                },
                "statuses": {
                    "version": "1.3.1",
                    "bundled": true
                },
                "strip-ansi": {
                    "version": "3.0.1",
                    "bundled": true,
                    "requires": {
                        "ansi-regex": "2.1.1"
                    }
                },
                "supports-color": {
                    "version": "2.0.0",
                    "bundled": true
                },
                "type-is": {
                    "version": "1.6.15",
                    "bundled": true,
                    "requires": {
                        "media-typer": "0.3.0",
                        "mime-types": "2.1.17"
                    }
                },
                "underscore": {
                    "version": "1.8.3",
                    "bundled": true
                },
                "unorm": {
                    "version": "1.4.1",
                    "bundled": true
                },
                "unpipe": {
                    "version": "1.0.0",
                    "bundled": true
                },
                "util-deprecate": {
                    "version": "1.0.2",
                    "bundled": true
                },
                "utils-merge": {
                    "version": "1.0.1",
                    "bundled": true
                },
                "vary": {
                    "version": "1.1.2",
                    "bundled": true
                },
                "wrappy": {
                    "version": "1.0.2",
                    "bundled": true
                },
                "xmlbuilder": {
                    "version": "4.0.0",
                    "bundled": true,
                    "requires": {
                        "lodash": "3.10.1"
                    }
                },
                "xmldom": {
                    "version": "0.1.27",
                    "bundled": true
                }
            }
        },
        "cordova-plugin-compat": {
            "version": "1.2.0",
            "resolved": "https://registry.npmjs.org/cordova-plugin-compat/-/cordova-plugin-compat-1.2.0.tgz",
            "integrity": "sha1-C8ZXVyduvZIMASzpIOJ0F3V2Nz4="
        },
        "cordova-plugin-geolocation": {
            "version": "2.4.3",
            "resolved": "https://registry.npmjs.org/cordova-plugin-geolocation/-/cordova-plugin-geolocation-2.4.3.tgz",
            "integrity": "sha1-HdAAI9Hxos4zD4dn7Qj3tzj+cYQ="
        },
        "cordova-plugin-whitelist": {
            "version": "1.3.2",
            "resolved": "https://registry.npmjs.org/cordova-plugin-whitelist/-/cordova-plugin-whitelist-1.3.2.tgz",
            "integrity": "sha1-W2M1/rn1MB88ATuQlsuIhb29UHY="
        },
        "core-js": {
            "version": "2.5.1",
            "resolved": "https://registry.npmjs.org/core-js/-/core-js-2.5.1.tgz",
            "integrity": "sha1-rmh03GaTd4m4B1T/VCjfZoGcpQs="
        },
        "css-in-js-utils": {
            "version": "2.0.0",
            "resolved": "https://registry.npmjs.org/css-in-js-utils/-/css-in-js-utils-2.0.0.tgz",
            "integrity": "sha512-yuWmPMD9FLi50Xf3k8W8oO3WM1eVnxEGCldCLyfusQ+CgivFk0s23yst4ooW6tfxMuSa03S6uUEga9UhX6GRrA==",
            "requires": {
                "hyphenate-style-name": "1.0.2"
            }
        },
        "dom-helpers": {
            "version": "3.2.1",
            "resolved": "https://registry.npmjs.org/dom-helpers/-/dom-helpers-3.2.1.tgz",
            "integrity": "sha1-MgPgf+0he9H0JLAZc1WC/Deyglo="
        },
        "encoding": {
            "version": "0.1.12",
            "resolved": "https://registry.npmjs.org/encoding/-/encoding-0.1.12.tgz",
            "integrity": "sha1-U4tm8+5izRq1HsMjgp0flIDHS+s=",
            "requires": {
                "iconv-lite": "0.4.19"
            }
        },
        "fbjs": {
            "version": "0.8.16",
            "resolved": "https://registry.npmjs.org/fbjs/-/fbjs-0.8.16.tgz",
            "integrity": "sha1-XmdDL1UNxBtXK/VYR7ispk5TN9s=",
            "requires": {
                "core-js": "1.2.7",
                "isomorphic-fetch": "2.2.1",
                "loose-envify": "1.3.1",
                "object-assign": "4.1.1",
                "promise": "7.3.1",
                "setimmediate": "1.0.5",
                "ua-parser-js": "0.7.17"
            },
            "dependencies": {
                "core-js": {
                    "version": "1.2.7",
                    "resolved": "https://registry.npmjs.org/core-js/-/core-js-1.2.7.tgz",
                    "integrity": "sha1-ZSKUwUZR2yj6k70tX/KYOk8IxjY="
                }
            }
        },
        "hoist-non-react-statics": {
            "version": "2.3.1",
            "resolved": "https://registry.npmjs.org/hoist-non-react-statics/-/hoist-non-react-statics-2.3.1.tgz",
            "integrity": "sha1-ND24TGAYxlB3iJgkATWhQg7iLOA="
        },
        "hyphenate-style-name": {
            "version": "1.0.2",
            "resolved": "https://registry.npmjs.org/hyphenate-style-name/-/hyphenate-style-name-1.0.2.tgz",
            "integrity": "sha1-MRYKNpMK2vH8BMYHT360FGXU7Es="
        },
        "iconv-lite": {
            "version": "0.4.19",
            "resolved": "https://registry.npmjs.org/iconv-lite/-/iconv-lite-0.4.19.tgz",
            "integrity": "sha512-oTZqweIP51xaGPI4uPa56/Pri/480R+mo7SeU+YETByQNhDG55ycFyNLIgta9vXhILrxXDmF7ZGhqZIcuN0gJQ=="
        },
        "inline-style-prefixer": {
            "version": "3.0.8",
            "resolved": "https://registry.npmjs.org/inline-style-prefixer/-/inline-style-prefixer-3.0.8.tgz",
            "integrity": "sha1-hVG45bTVcyROZqNLBPfTIHaitTQ=",
            "requires": {
                "bowser": "1.8.1",
                "css-in-js-utils": "2.0.0"
            }
        },
        "is-stream": {
            "version": "1.1.0",
            "resolved": "https://registry.npmjs.org/is-stream/-/is-stream-1.1.0.tgz",
            "integrity": "sha1-EtSj3U5o4Lec6428hBc66A2RykQ="
        },
        "isomorphic-fetch": {
            "version": "2.2.1",
            "resolved": "https://registry.npmjs.org/isomorphic-fetch/-/isomorphic-fetch-2.2.1.tgz",
            "integrity": "sha1-YRrhrPFPXoH3KVB0coGf6XM1WKk=",
            "requires": {
                "node-fetch": "1.7.3",
                "whatwg-fetch": "2.0.3"
            }
        },
        "js-tokens": {
            "version": "3.0.2",
            "resolved": "https://registry.npmjs.org/js-tokens/-/js-tokens-3.0.2.tgz",
            "integrity": "sha1-mGbfOVECEw449/mWvOtlRDIJwls="
        },
        "keycode": {
            "version": "2.1.9",
            "resolved": "https://registry.npmjs.org/keycode/-/keycode-2.1.9.tgz",
            "integrity": "sha1-lkojxU5IiUBbSGGlyfBIDUUUHfo="
        },
        "leaflet-routing-machine": {
            "version": "3.2.7",
            "resolved": "https://registry.npmjs.org/leaflet-routing-machine/-/leaflet-routing-machine-3.2.7.tgz",
            "integrity": "sha512-OL2EEgeOJI7hUekG20JAtnghYynH8NXI24P4VDq1OWuV0Aqyd3/blKaOn5sINwUkHfiq60XRYFeXNqqsBfyD1Q==",
            "requires": {
                "@mapbox/corslite": "0.0.7",
                "@mapbox/polyline": "0.2.0",
                "osrm-text-instructions": "0.10.7"
            }
        },
        "lodash.merge": {
            "version": "4.6.0",
            "resolved": "https://registry.npmjs.org/lodash.merge/-/lodash.merge-4.6.0.tgz",
            "integrity": "sha1-aYhLoUSsM/5plzemCG3v+t0PicU="
        },
        "lodash.throttle": {
            "version": "4.1.1",
            "resolved": "https://registry.npmjs.org/lodash.throttle/-/lodash.throttle-4.1.1.tgz",
            "integrity": "sha1-wj6RtxAkKscMN/HhzaknTMOb8vQ="
        },
        "loose-envify": {
            "version": "1.3.1",
            "resolved": "https://registry.npmjs.org/loose-envify/-/loose-envify-1.3.1.tgz",
            "integrity": "sha1-0aitM/qc4OcT1l/dCsi3SNR4yEg=",
            "requires": {
                "js-tokens": "3.0.2"
            }
        },
        "material-ui": {
            "version": "0.20.0",
            "resolved": "https://registry.npmjs.org/material-ui/-/material-ui-0.20.0.tgz",
            "integrity": "sha512-wkHkeU1SaGfCrtwIzBOl5vynNNNzVGW27ql0Ue5HZLB4WyRQ3YohJBdKa5lBrH5JD/Cgae7IzrP7cVWDyKpeLQ==",
            "requires": {
                "babel-runtime": "6.26.0",
                "inline-style-prefixer": "3.0.8",
                "keycode": "2.1.9",
                "lodash.merge": "4.6.0",
                "lodash.throttle": "4.1.1",
                "prop-types": "15.6.0",
                "react-event-listener": "0.5.1",
                "react-transition-group": "1.2.1",
                "recompose": "0.26.0",
                "simple-assign": "0.1.0",
                "warning": "3.0.0"
            }
        },
        "node-fetch": {
            "version": "1.7.3",
            "resolved": "https://registry.npmjs.org/node-fetch/-/node-fetch-1.7.3.tgz",
            "integrity": "sha512-NhZ4CsKx7cYm2vSrBAr2PvFOe6sWDf0UYLRqA6svUYg7+/TSfVAu49jYC4BvQ4Sms9SZgdqGBgroqfDhJdTyKQ==",
            "requires": {
                "encoding": "0.1.12",
                "is-stream": "1.1.0"
            }
        },
        "object-assign": {
            "version": "4.1.1",
            "resolved": "https://registry.npmjs.org/object-assign/-/object-assign-4.1.1.tgz",
            "integrity": "sha1-IQmtx5ZYh8/AXLvUQsrIv7s2CGM="
        },
        "osrm-text-instructions": {
            "version": "0.10.7",
            "resolved": "https://registry.npmjs.org/osrm-text-instructions/-/osrm-text-instructions-0.10.7.tgz",
            "integrity": "sha1-coml1zJqo6pszEhVa/ic1LsTOLI="
        },
        "promise": {
            "version": "7.3.1",
            "resolved": "https://registry.npmjs.org/promise/-/promise-7.3.1.tgz",
            "integrity": "sha512-nolQXZ/4L+bP/UGlkfaIujX9BKxGwmQ9OT4mOt5yvy8iK1h3wqTEJCijzGANTCCl9nWjY41juyAn2K3Q1hLLTg==",
            "requires": {
                "asap": "2.0.6"
            }
        },
        "prop-types": {
            "version": "15.6.0",
            "resolved": "https://registry.npmjs.org/prop-types/-/prop-types-15.6.0.tgz",
            "integrity": "sha1-zq8IMCL8RrSjX2nhPvda7Q1jmFY=",
            "requires": {
                "fbjs": "0.8.16",
                "loose-envify": "1.3.1",
                "object-assign": "4.1.1"
            }
        },
        "react-event-listener": {
            "version": "0.5.1",
            "resolved": "https://registry.npmjs.org/react-event-listener/-/react-event-listener-0.5.1.tgz",
            "integrity": "sha1-ujYHbke8N8Wmf/XM1Kn/DxViEEA=",
            "requires": {
                "babel-runtime": "6.26.0",
                "fbjs": "0.8.16",
                "prop-types": "15.6.0",
                "warning": "3.0.0"
            }
        },
        "react-transition-group": {
            "version": "1.2.1",
            "resolved": "https://registry.npmjs.org/react-transition-group/-/react-transition-group-1.2.1.tgz",
            "integrity": "sha512-CWaL3laCmgAFdxdKbhhps+c0HRGF4c+hdM4H23+FI1QBNUyx/AMeIJGWorehPNSaKnQNOAxL7PQmqMu78CDj3Q==",
            "requires": {
                "chain-function": "1.0.0",
                "dom-helpers": "3.2.1",
                "loose-envify": "1.3.1",
                "prop-types": "15.6.0",
                "warning": "3.0.0"
            }
        },
        "recompose": {
            "version": "0.26.0",
            "resolved": "https://registry.npmjs.org/recompose/-/recompose-0.26.0.tgz",
            "integrity": "sha512-KwOu6ztO0mN5vy3+zDcc45lgnaUoaQse/a5yLVqtzTK13czSWnFGmXbQVmnoMgDkI5POd1EwIKSbjU1V7xdZog==",
            "requires": {
                "change-emitter": "0.1.6",
                "fbjs": "0.8.16",
                "hoist-non-react-statics": "2.3.1",
                "symbol-observable": "1.1.0"
            }
        },
        "regenerator-runtime": {
            "version": "0.11.1",
            "resolved": "https://registry.npmjs.org/regenerator-runtime/-/regenerator-runtime-0.11.1.tgz",
            "integrity": "sha512-MguG95oij0fC3QV3URf4V2SDYGJhJnJGqvIIgdECeODCT98wSWDAJ94SSuVpYQUoTcGUIL6L4yNB7j1DFFHSBg=="
        },
        "setimmediate": {
            "version": "1.0.5",
            "resolved": "https://registry.npmjs.org/setimmediate/-/setimmediate-1.0.5.tgz",
            "integrity": "sha1-KQy7Iy4waULX1+qbg3Mqt4VvgoU="
        },
        "simple-assign": {
            "version": "0.1.0",
            "resolved": "https://registry.npmjs.org/simple-assign/-/simple-assign-0.1.0.tgz",
            "integrity": "sha1-F/0wZqXz13OPUDIbsPFMooHMS6o="
        },
        "symbol-observable": {
            "version": "1.1.0",
            "resolved": "https://registry.npmjs.org/symbol-observable/-/symbol-observable-1.1.0.tgz",
            "integrity": "sha512-dQoid9tqQ+uotGhuTKEY11X4xhyYePVnqGSoSm3OGKh2E8LZ6RPULp1uXTctk33IeERlrRJYoVSBglsL05F5Uw=="
        },
        "ua-parser-js": {
            "version": "0.7.17",
            "resolved": "https://registry.npmjs.org/ua-parser-js/-/ua-parser-js-0.7.17.tgz",
            "integrity": "sha512-uRdSdu1oA1rncCQL7sCj8vSyZkgtL7faaw9Tc9rZ3mGgraQ7+Pdx7w5mnOSF3gw9ZNG6oc+KXfkon3bKuROm0g=="
        },
        "warning": {
            "version": "3.0.0",
            "resolved": "https://registry.npmjs.org/warning/-/warning-3.0.0.tgz",
            "integrity": "sha1-MuU3fLVy3kqwR1O9+IIcAe1gW3w=",
            "requires": {
                "loose-envify": "1.3.1"
            }
        },
        "whatwg-fetch": {
            "version": "2.0.3",
            "resolved": "https://registry.npmjs.org/whatwg-fetch/-/whatwg-fetch-2.0.3.tgz",
            "integrity": "sha1-nITsLc9oGH/wC8ZOEnS0QhduHIQ="
        }
    }
}
